
Microsoft Visual Studio Solution File, Format Version 12.00
# Visual Studio 15
VisualStudioVersion = 15.0.28307.438
MinimumVisualStudioVersion = 10.0.40219.1
Project("{FAE04EC0-301F-11D3-BF4B-00C04F79EFBC}") = "ClassLibrary1", "ClassLibrary1\ClassLibrary1.csproj", "{8DBCA489-9806-4581-BE1D-0508C6C785F7}"
EndProject
Global
	GlobalSection(SolutionConfigurationPlatforms) = preSolution
		Debug|Any CPU = Debug|Any CPU
		Release|Any CPU = Release|Any CPU
	EndGlobalSection
	GlobalSection(ProjectConfigurationPlatforms) = postSolution
		{8DBCA489-9806-4581-BE1D-0508C6C785F7}.Debug|Any CPU.ActiveCfg = Debug|Any CPU
		{8DBCA489-9806-4581-BE1D-0508C6C785F7}.Debug|Any CPU.Build.0 = Debug|Any CPU
		{8DBCA489-9806-4581-BE1D-0508C6C785F7}.Release|Any CPU.ActiveCfg = Release|Any CPU
		{8DBCA489-9806-4581-BE1D-0508C6C785F7}.Release|Any CPU.Build.0 = Release|Any CPU
	EndGlobalSection
	GlobalSection(SolutionProperties) = preSolution
		HideSolutionNode = FALSE
	EndGlobalSection
	GlobalSection(ExtensibilityGlobals) = postSolution
		SolutionGuid = {881A55CE-FAB1-4F29-94A7-8204199DE305}
	EndGlobalSection
EndGlobal
