
Microsoft Visual Studio Solution File, Format Version 12.00
# Visual Studio 15
VisualStudioVersion = 15.0.28307.438
MinimumVisualStudioVersion = 10.0.40219.1
Project("{FAE04EC0-301F-11D3-BF4B-00C04F79EFBC}") = "Practica2-SebastianCiocarlan", "Practica2-SebastianCiocarlan\Practica2-SebastianCiocarlan.csproj", "{BF7DF8D8-AEA9-4D7D-8691-150F4AC36647}"
EndProject
Global
	GlobalSection(SolutionConfigurationPlatforms) = preSolution
		Debug|Any CPU = Debug|Any CPU
		Release|Any CPU = Release|Any CPU
	EndGlobalSection
	GlobalSection(ProjectConfigurationPlatforms) = postSolution
		{BF7DF8D8-AEA9-4D7D-8691-150F4AC36647}.Debug|Any CPU.ActiveCfg = Debug|Any CPU
		{BF7DF8D8-AEA9-4D7D-8691-150F4AC36647}.Debug|Any CPU.Build.0 = Debug|Any CPU
		{BF7DF8D8-AEA9-4D7D-8691-150F4AC36647}.Release|Any CPU.ActiveCfg = Release|Any CPU
		{BF7DF8D8-AEA9-4D7D-8691-150F4AC36647}.Release|Any CPU.Build.0 = Release|Any CPU
	EndGlobalSection
	GlobalSection(SolutionProperties) = preSolution
		HideSolutionNode = FALSE
	EndGlobalSection
	GlobalSection(ExtensibilityGlobals) = postSolution
		SolutionGuid = {55ABF801-30CA-4443-89A1-F0BDEB5A453E}
	EndGlobalSection
EndGlobal
